
Microsoft Visual Studio Solution File, Format Version 12.00
# Visual Studio Version 17
VisualStudioVersion = 17.5.33414.496
MinimumVisualStudioVersion = 10.0.40219.1
Project("{FAE04EC0-301F-11D3-BF4B-00C04F79EFBC}") = "NEWAPP", "NEWAPP.csproj", "{FDA7834F-7C20-4FA3-8944-949CC6F4FA6B}"
EndProject
Global
	GlobalSection(SolutionConfigurationPlatforms) = preSolution
		Debug|Any CPU = Debug|Any CPU
		Release|Any CPU = Release|Any CPU
	EndGlobalSection
	GlobalSection(ProjectConfigurationPlatforms) = postSolution
		{FDA7834F-7C20-4FA3-8944-949CC6F4FA6B}.Debug|Any CPU.ActiveCfg = Debug|Any CPU
		{FDA7834F-7C20-4FA3-8944-949CC6F4FA6B}.Debug|Any CPU.Build.0 = Debug|Any CPU
		{FDA7834F-7C20-4FA3-8944-949CC6F4FA6B}.Release|Any CPU.ActiveCfg = Release|Any CPU
		{FDA7834F-7C20-4FA3-8944-949CC6F4FA6B}.Release|Any CPU.Build.0 = Release|Any CPU
	EndGlobalSection
	GlobalSection(SolutionProperties) = preSolution
		HideSolutionNode = FALSE
	EndGlobalSection
	GlobalSection(ExtensibilityGlobals) = postSolution
		SolutionGuid = {BA4AE0B5-092C-4AFC-A07A-3EF67BACA8B8}
	EndGlobalSection
EndGlobal
